// !$*UTF8*$!
{
	archiveVersion = 1;
	classes = {
	};
	objectVersion = 77;
	objects = {

/* Begin PBXBuildFile section */
		4F02B87B2E425F9C008C953B /* app.swift in Sources */ = {isa = PBXBuildFile; fileRef = 4F02B87A2E425F9C008C953B /* app.swift */; };
		4F02B87D2E437E14008C953B /* SoundService.swift in Sources */ = {isa = PBXBuildFile; fileRef = 4F02B87C2E437E14008C953B /* SoundService.swift */; };
		4F02B87F2E437E21008C953B /* ChordMatchGame.swift in Sources */ = {isa = PBXBuildFile; fileRef = 4F02B87E2E437E21008C953B /* ChordMatchGame.swift */; };
		4F02B8832E437E33008C953B /* AudioEngine.swift in Sources */ = {isa = PBXBuildFile; fileRef = 4F02B8822E437E33008C953B /* AudioEngine.swift */; };
		4F02B8852E437FC9008C953B /* GameView.swift in Sources */ = {isa = PBXBuildFile; fileRef = 4F02B8842E437FC9008C953B /* GameView.swift */; };
		4F02B8872E4388CB008C953B /* MenuView.swift in Sources */ = {isa = PBXBuildFile; fileRef = 4F02B8862E4388CB008C953B /* MenuView.swift */; };
		4F02B88A2E4388F0008C953B /* LevelsView.swift in Sources */ = {isa = PBXBuildFile; fileRef = 4F02B8892E4388F0008C953B /* LevelsView.swift */; };
		4F02B8DF2E44B326008C953B /* OnboardingView.swift in Sources */ = {isa = PBXBuildFile; fileRef = 4F02B8DE2E44B326008C953B /* OnboardingView.swift */; };
		4F02B8E22E44CB41008C953B /* LevelsHelpView.swift in Sources */ = {isa = PBXBuildFile; fileRef = 4F02B8E12E44CB41008C953B /* LevelsHelpView.swift */; };
		4F02B8E32E44CB41008C953B /* ChallengeHelpView.swift in Sources */ = {isa = PBXBuildFile; fileRef = 4F02B8E02E44CB41008C953B /* ChallengeHelpView.swift */; };
		4F02B9062E44CF0A008C953B /* Media.xcassets in Resources */ = {isa = PBXBuildFile; fileRef = 4F02B9052E44CF0A008C953B /* Media.xcassets */; };
		4F02B9082E44D1EE008C953B /* LevelConfiguration.swift in Sources */ = {isa = PBXBuildFile; fileRef = 4F02B9072E44D1EE008C953B /* LevelConfiguration.swift */; };
		4F3365032E4DEF72000430B0 /* vv.swift in Sources */ = {isa = PBXBuildFile; fileRef = 4F3365022E4DEF72000430B0 /* vv.swift */; };
		4F3365062E4DEFD7000430B0 /* AppsFlyerLib-Static in Frameworks */ = {isa = PBXBuildFile; productRef = 4F3365052E4DEFD7000430B0 /* AppsFlyerLib-Static */; };
		4F4D4CE82E532E100064CF07 /* IDFAPermissionView.swift in Sources */ = {isa = PBXBuildFile; fileRef = 4F4D4CE72E532E100064CF07 /* IDFAPermissionView.swift */; };
		4F4D4DDA2E532F6F0064CF07 /* Helpers.swift in Sources */ = {isa = PBXBuildFile; fileRef = 4F4D4DD92E532F6F0064CF07 /* Helpers.swift */; };
		4F4D4DDC2E5330410064CF07 /* GameViewModel.swift in Sources */ = {isa = PBXBuildFile; fileRef = 4F4D4DDB2E5330410064CF07 /* GameViewModel.swift */; };
		4F4D4DDF2E53307E0064CF07 /* ListeningView.swift in Sources */ = {isa = PBXBuildFile; fileRef = 4F4D4DDE2E53307E0064CF07 /* ListeningView.swift */; };
		4F4D4DE12E5330840064CF07 /* PlayingView.swift in Sources */ = {isa = PBXBuildFile; fileRef = 4F4D4DE02E5330840064CF07 /* PlayingView.swift */; };
		4F4D4DE32E53308F0064CF07 /* ResultView.swift in Sources */ = {isa = PBXBuildFile; fileRef = 4F4D4DE22E53308F0064CF07 /* ResultView.swift */; };
		4F4D4DE52E5330950064CF07 /* LevelCompleteView.swift in Sources */ = {isa = PBXBuildFile; fileRef = 4F4D4DE42E5330950064CF07 /* LevelCompleteView.swift */; };
		4F4D4DE72E5330A60064CF07 /* NoteButton.swift in Sources */ = {isa = PBXBuildFile; fileRef = 4F4D4DE62E5330A60064CF07 /* NoteButton.swift */; };
		4F4D4DE92E5330AD0064CF07 /* MelodySlot.swift in Sources */ = {isa = PBXBuildFile; fileRef = 4F4D4DE82E5330AD0064CF07 /* MelodySlot.swift */; };
		4F4D4DEC2E5330CE0064CF07 /* LevelCard.swift in Sources */ = {isa = PBXBuildFile; fileRef = 4F4D4DEB2E5330CE0064CF07 /* LevelCard.swift */; };
		4F4D4DEE2E5330E40064CF07 /* PreviewSlot.swift in Sources */ = {isa = PBXBuildFile; fileRef = 4F4D4DED2E5330E40064CF07 /* PreviewSlot.swift */; };
		4F4D4DF02E5330EB0064CF07 /* GamingStatCard.swift in Sources */ = {isa = PBXBuildFile; fileRef = 4F4D4DEF2E5330EB0064CF07 /* GamingStatCard.swift */; };
		4F4D4DF22E5330F20064CF07 /* GamingProgressBar.swift in Sources */ = {isa = PBXBuildFile; fileRef = 4F4D4DF12E5330F20064CF07 /* GamingProgressBar.swift */; };
		4F4D4DF42E5330FB0064CF07 /* GamingActionButton.swift in Sources */ = {isa = PBXBuildFile; fileRef = 4F4D4DF32E5330FB0064CF07 /* GamingActionButton.swift */; };
		4F4D4DF62E5331010064CF07 /* GamingControlButton.swift in Sources */ = {isa = PBXBuildFile; fileRef = 4F4D4DF52E5331010064CF07 /* GamingControlButton.swift */; };
		4F4D4DF82E5332F80064CF07 /* GamingNoteButton.swift in Sources */ = {isa = PBXBuildFile; fileRef = 4F4D4DF72E5332F80064CF07 /* GamingNoteButton.swift */; };
		4FAA8F5B2E548E1500837A3C /* icon.svg in Resources */ = {isa = PBXBuildFile; fileRef = 4FAA8F5A2E548E1500837A3C /* icon.svg */; };
		4FDB89972E4E4153007BD530 /* FirebaseAnalytics in Frameworks */ = {isa = PBXBuildFile; productRef = 4FDB89962E4E4153007BD530 /* FirebaseAnalytics */; };
		4FDB89992E4E4153007BD530 /* FirebaseAnalyticsCore in Frameworks */ = {isa = PBXBuildFile; productRef = 4FDB89982E4E4153007BD530 /* FirebaseAnalyticsCore */; };
		4FDB899B2E4E4153007BD530 /* FirebaseCore in Frameworks */ = {isa = PBXBuildFile; productRef = 4FDB899A2E4E4153007BD530 /* FirebaseCore */; };
		4FDB899D2E4E4153007BD530 /* FirebaseCrashlytics in Frameworks */ = {isa = PBXBuildFile; productRef = 4FDB899C2E4E4153007BD530 /* FirebaseCrashlytics */; };
		4FDB899F2E4E4153007BD530 /* FirebaseInAppMessaging-Beta in Frameworks */ = {isa = PBXBuildFile; productRef = 4FDB899E2E4E4153007BD530 /* FirebaseInAppMessaging-Beta */; };
		4FDB89A12E4E4153007BD530 /* FirebaseMessaging in Frameworks */ = {isa = PBXBuildFile; productRef = 4FDB89A02E4E4153007BD530 /* FirebaseMessaging */; };
		4FDB89A42E4E416A007BD530 /* SVGKit in Frameworks */ = {isa = PBXBuildFile; productRef = 4FDB89A32E4E416A007BD530 /* SVGKit */; };
		4FDB89A62E4E416A007BD530 /* SVGKitSwift in Frameworks */ = {isa = PBXBuildFile; productRef = 4FDB89A52E4E416A007BD530 /* SVGKitSwift */; };
		4FDB89A92E4E4189007BD530 /* GoogleMobileAds in Frameworks */ = {isa = PBXBuildFile; productRef = 4FDB89A82E4E4189007BD530 /* GoogleMobileAds */; };
		4FDB89E12E4E485B007BD530 /* GoogleService-Info.plist in Resources */ = {isa = PBXBuildFile; fileRef = 4FDB89E02E4E485B007BD530 /* GoogleService-Info.plist */; };
/* End PBXBuildFile section */

/* Begin PBXFileReference section */
		4F02B6F92E40CFC6008C953B /* PlayXFlash.app */ = {isa = PBXFileReference; explicitFileType = wrapper.application; includeInIndex = 0; path = PlayXFlash.app; sourceTree = BUILT_PRODUCTS_DIR; };
		4F02B87A2E425F9C008C953B /* app.swift */ = {isa = PBXFileReference; lastKnownFileType = sourcecode.swift; path = app.swift; sourceTree = "<group>"; };
		4F02B87C2E437E14008C953B /* SoundService.swift */ = {isa = PBXFileReference; lastKnownFileType = sourcecode.swift; path = SoundService.swift; sourceTree = "<group>"; };
		4F02B87E2E437E21008C953B /* ChordMatchGame.swift */ = {isa = PBXFileReference; lastKnownFileType = sourcecode.swift; path = ChordMatchGame.swift; sourceTree = "<group>"; };
		4F02B8822E437E33008C953B /* AudioEngine.swift */ = {isa = PBXFileReference; lastKnownFileType = sourcecode.swift; path = AudioEngine.swift; sourceTree = "<group>"; };
		4F02B8842E437FC9008C953B /* GameView.swift */ = {isa = PBXFileReference; lastKnownFileType = sourcecode.swift; path = GameView.swift; sourceTree = "<group>"; };
		4F02B8862E4388CB008C953B /* MenuView.swift */ = {isa = PBXFileReference; lastKnownFileType = sourcecode.swift; path = MenuView.swift; sourceTree = "<group>"; };
		4F02B8892E4388F0008C953B /* LevelsView.swift */ = {isa = PBXFileReference; lastKnownFileType = sourcecode.swift; path = LevelsView.swift; sourceTree = "<group>"; };
		4F02B8DE2E44B326008C953B /* OnboardingView.swift */ = {isa = PBXFileReference; lastKnownFileType = sourcecode.swift; path = OnboardingView.swift; sourceTree = "<group>"; };
		4F02B8E02E44CB41008C953B /* ChallengeHelpView.swift */ = {isa = PBXFileReference; lastKnownFileType = sourcecode.swift; path = ChallengeHelpView.swift; sourceTree = "<group>"; };
		4F02B8E12E44CB41008C953B /* LevelsHelpView.swift */ = {isa = PBXFileReference; lastKnownFileType = sourcecode.swift; path = LevelsHelpView.swift; sourceTree = "<group>"; };
		4F02B9052E44CF0A008C953B /* Media.xcassets */ = {isa = PBXFileReference; lastKnownFileType = folder.assetcatalog; path = Media.xcassets; sourceTree = "<group>"; };
		4F02B9072E44D1EE008C953B /* LevelConfiguration.swift */ = {isa = PBXFileReference; lastKnownFileType = sourcecode.swift; path = LevelConfiguration.swift; sourceTree = "<group>"; };
		4F3365022E4DEF72000430B0 /* vv.swift */ = {isa = PBXFileReference; lastKnownFileType = sourcecode.swift; path = vv.swift; sourceTree = "<group>"; };
		4F4D4CE72E532E100064CF07 /* IDFAPermissionView.swift */ = {isa = PBXFileReference; lastKnownFileType = sourcecode.swift; path = IDFAPermissionView.swift; sourceTree = "<group>"; };
		4F4D4DD92E532F6F0064CF07 /* Helpers.swift */ = {isa = PBXFileReference; lastKnownFileType = sourcecode.swift; path = Helpers.swift; sourceTree = "<group>"; };
		4F4D4DDB2E5330410064CF07 /* GameViewModel.swift */ = {isa = PBXFileReference; lastKnownFileType = sourcecode.swift; path = GameViewModel.swift; sourceTree = "<group>"; };
		4F4D4DDE2E53307E0064CF07 /* ListeningView.swift */ = {isa = PBXFileReference; lastKnownFileType = sourcecode.swift; path = ListeningView.swift; sourceTree = "<group>"; };
		4F4D4DE02E5330840064CF07 /* PlayingView.swift */ = {isa = PBXFileReference; lastKnownFileType = sourcecode.swift; path = PlayingView.swift; sourceTree = "<group>"; };
		4F4D4DE22E53308F0064CF07 /* ResultView.swift */ = {isa = PBXFileReference; lastKnownFileType = sourcecode.swift; path = ResultView.swift; sourceTree = "<group>"; };
		4F4D4DE42E5330950064CF07 /* LevelCompleteView.swift */ = {isa = PBXFileReference; lastKnownFileType = sourcecode.swift; path = LevelCompleteView.swift; sourceTree = "<group>"; };
		4F4D4DE62E5330A60064CF07 /* NoteButton.swift */ = {isa = PBXFileReference; lastKnownFileType = sourcecode.swift; path = NoteButton.swift; sourceTree = "<group>"; };
		4F4D4DE82E5330AD0064CF07 /* MelodySlot.swift */ = {isa = PBXFileReference; lastKnownFileType = sourcecode.swift; path = MelodySlot.swift; sourceTree = "<group>"; };
		4F4D4DEB2E5330CE0064CF07 /* LevelCard.swift */ = {isa = PBXFileReference; lastKnownFileType = sourcecode.swift; path = LevelCard.swift; sourceTree = "<group>"; };
		4F4D4DED2E5330E40064CF07 /* PreviewSlot.swift */ = {isa = PBXFileReference; lastKnownFileType = sourcecode.swift; path = PreviewSlot.swift; sourceTree = "<group>"; };
		4F4D4DEF2E5330EB0064CF07 /* GamingStatCard.swift */ = {isa = PBXFileReference; lastKnownFileType = sourcecode.swift; path = GamingStatCard.swift; sourceTree = "<group>"; };
		4F4D4DF12E5330F20064CF07 /* GamingProgressBar.swift */ = {isa = PBXFileReference; lastKnownFileType = sourcecode.swift; path = GamingProgressBar.swift; sourceTree = "<group>"; };
		4F4D4DF32E5330FB0064CF07 /* GamingActionButton.swift */ = {isa = PBXFileReference; lastKnownFileType = sourcecode.swift; path = GamingActionButton.swift; sourceTree = "<group>"; };
		4F4D4DF52E5331010064CF07 /* GamingControlButton.swift */ = {isa = PBXFileReference; lastKnownFileType = sourcecode.swift; path = GamingControlButton.swift; sourceTree = "<group>"; };
		4F4D4DF72E5332F80064CF07 /* GamingNoteButton.swift */ = {isa = PBXFileReference; lastKnownFileType = sourcecode.swift; path = GamingNoteButton.swift; sourceTree = "<group>"; };
		4FAA8F5A2E548E1500837A3C /* icon.svg */ = {isa = PBXFileReference; lastKnownFileType = text.xml; path = icon.svg; sourceTree = "<group>"; };
		4FDB89AA2E4E41A2007BD530 /* PlayNotePlay.entitlements */ = {isa = PBXFileReference; lastKnownFileType = text.plist.entitlements; path = PlayNotePlay.entitlements; sourceTree = "<group>"; };
		4FDB89AB2E4E41A7007BD530 /* PlayXFlash-Info.plist */ = {isa = PBXFileReference; lastKnownFileType = text.plist.xml; path = "PlayXFlash-Info.plist"; sourceTree = "<group>"; };
		4FDB89E02E4E485B007BD530 /* GoogleService-Info.plist */ = {isa = PBXFileReference; lastKnownFileType = text.plist.xml; path = "GoogleService-Info.plist"; sourceTree = "<group>"; };
/* End PBXFileReference section */

/* Begin PBXFrameworksBuildPhase section */
		4F02B6F62E40CFC6008C953B /* Frameworks */ = {
			isa = PBXFrameworksBuildPhase;
			buildActionMask = 2147483647;
			files = (
				4FDB89972E4E4153007BD530 /* FirebaseAnalytics in Frameworks */,
				4FDB89992E4E4153007BD530 /* FirebaseAnalyticsCore in Frameworks */,
				4FDB89A92E4E4189007BD530 /* GoogleMobileAds in Frameworks */,
				4FDB89A12E4E4153007BD530 /* FirebaseMessaging in Frameworks */,
				4FDB89A62E4E416A007BD530 /* SVGKitSwift in Frameworks */,
				4FDB899D2E4E4153007BD530 /* FirebaseCrashlytics in Frameworks */,
				4FDB899B2E4E4153007BD530 /* FirebaseCore in Frameworks */,
				4F3365062E4DEFD7000430B0 /* AppsFlyerLib-Static in Frameworks */,
				4FDB89A42E4E416A007BD530 /* SVGKit in Frameworks */,
				4FDB899F2E4E4153007BD530 /* FirebaseInAppMessaging-Beta in Frameworks */,
			);
			runOnlyForDeploymentPostprocessing = 0;
		};
/* End PBXFrameworksBuildPhase section */

/* Begin PBXGroup section */
		4F02B6F02E40CFC6008C953B = {
			isa = PBXGroup;
			children = (
				4F02B9092E44F431008C953B /* music */,
				4F02B6FA2E40CFC6008C953B /* Products */,
			);
			sourceTree = "<group>";
		};
		4F02B6FA2E40CFC6008C953B /* Products */ = {
			isa = PBXGroup;
			children = (
				4F02B6F92E40CFC6008C953B /* PlayXFlash.app */,
			);
			name = Products;
			sourceTree = "<group>";
		};
		4F02B8882E4388DA008C953B /* views */ = {
			isa = PBXGroup;
			children = (
				4F4D4DEA2E5330B50064CF07 /* components */,
				4F02B8DE2E44B326008C953B /* OnboardingView.swift */,
				4F4D4CE72E532E100064CF07 /* IDFAPermissionView.swift */,
				4F02B8862E4388CB008C953B /* MenuView.swift */,
				4F02B8E02E44CB41008C953B /* ChallengeHelpView.swift */,
				4F02B8E12E44CB41008C953B /* LevelsHelpView.swift */,
				4F02B8842E437FC9008C953B /* GameView.swift */,
				4F4D4DE42E5330950064CF07 /* LevelCompleteView.swift */,
				4F4D4DE22E53308F0064CF07 /* ResultView.swift */,
				4F4D4DE02E5330840064CF07 /* PlayingView.swift */,
				4F4D4DDE2E53307E0064CF07 /* ListeningView.swift */,
				4F02B8892E4388F0008C953B /* LevelsView.swift */,
				4F02B9052E44CF0A008C953B /* Media.xcassets */,
			);
			path = views;
			sourceTree = "<group>";
		};
		4F02B9092E44F431008C953B /* music */ = {
			isa = PBXGroup;
			children = (
				4FAA8F5A2E548E1500837A3C /* icon.svg */,
				4F02B87A2E425F9C008C953B /* app.swift */,
				4F3365022E4DEF72000430B0 /* vv.swift */,
				4F02B8882E4388DA008C953B /* views */,
				4F4D4DDD2E53304E0064CF07 /* models */,
				4FDB89E02E4E485B007BD530 /* GoogleService-Info.plist */,
				4FDB89AB2E4E41A7007BD530 /* PlayXFlash-Info.plist */,
				4FDB89AA2E4E41A2007BD530 /* PlayNotePlay.entitlements */,
			);
			path = music;
			sourceTree = "<group>";
		};
		4F4D4DDD2E53304E0064CF07 /* models */ = {
			isa = PBXGroup;
			children = (
				4F02B8822E437E33008C953B /* AudioEngine.swift */,
				4F02B87E2E437E21008C953B /* ChordMatchGame.swift */,
				4F4D4DDB2E5330410064CF07 /* GameViewModel.swift */,
				4F02B87C2E437E14008C953B /* SoundService.swift */,
				4F02B9072E44D1EE008C953B /* LevelConfiguration.swift */,
			);
			path = models;
			sourceTree = "<group>";
		};
		4F4D4DEA2E5330B50064CF07 /* components */ = {
			isa = PBXGroup;
			children = (
				4F4D4DE82E5330AD0064CF07 /* MelodySlot.swift */,
				4F4D4DF32E5330FB0064CF07 /* GamingActionButton.swift */,
				4F4D4DF52E5331010064CF07 /* GamingControlButton.swift */,
				4F4D4DEF2E5330EB0064CF07 /* GamingStatCard.swift */,
				4F4D4DF12E5330F20064CF07 /* GamingProgressBar.swift */,
				4F4D4DD92E532F6F0064CF07 /* Helpers.swift */,
				4F4D4DED2E5330E40064CF07 /* PreviewSlot.swift */,
				4F4D4DEB2E5330CE0064CF07 /* LevelCard.swift */,
				4F4D4DE62E5330A60064CF07 /* NoteButton.swift */,
				4F4D4DF72E5332F80064CF07 /* GamingNoteButton.swift */,
			);
			path = components;
			sourceTree = "<group>";
		};
/* End PBXGroup section */

/* Begin PBXNativeTarget section */
		4F02B6F82E40CFC6008C953B /* PlayXFlash */ = {
			isa = PBXNativeTarget;
			buildConfigurationList = 4F02B7042E40CFC8008C953B /* Build configuration list for PBXNativeTarget "PlayXFlash" */;
			buildPhases = (
				4F02B6F52E40CFC6008C953B /* Sources */,
				4F02B6F62E40CFC6008C953B /* Frameworks */,
				4F02B6F72E40CFC6008C953B /* Resources */,
			);
			buildRules = (
			);
			dependencies = (
			);
			name = PlayXFlash;
			packageProductDependencies = (
				4F3365052E4DEFD7000430B0 /* AppsFlyerLib-Static */,
				4FDB89962E4E4153007BD530 /* FirebaseAnalytics */,
				4FDB89982E4E4153007BD530 /* FirebaseAnalyticsCore */,
				4FDB899A2E4E4153007BD530 /* FirebaseCore */,
				4FDB899C2E4E4153007BD530 /* FirebaseCrashlytics */,
				4FDB899E2E4E4153007BD530 /* FirebaseInAppMessaging-Beta */,
				4FDB89A02E4E4153007BD530 /* FirebaseMessaging */,
				4FDB89A32E4E416A007BD530 /* SVGKit */,
				4FDB89A52E4E416A007BD530 /* SVGKitSwift */,
				4FDB89A82E4E4189007BD530 /* GoogleMobileAds */,
			);
			productName = music;
			productReference = 4F02B6F92E40CFC6008C953B /* PlayXFlash.app */;
			productType = "com.apple.product-type.application";
		};
/* End PBXNativeTarget section */

/* Begin PBXProject section */
		4F02B6F12E40CFC6008C953B /* Project object */ = {
			isa = PBXProject;
			attributes = {
				BuildIndependentTargetsInParallel = 1;
				LastSwiftUpdateCheck = 1630;
				LastUpgradeCheck = 1630;
				TargetAttributes = {
					4F02B6F82E40CFC6008C953B = {
						CreatedOnToolsVersion = 16.3;
						LastSwiftMigration = 1630;
					};
				};
			};
			buildConfigurationList = 4F02B6F42E40CFC6008C953B /* Build configuration list for PBXProject "PlayXFlash" */;
			developmentRegion = en;
			hasScannedForEncodings = 0;
			knownRegions = (
				en,
				Base,
			);
			mainGroup = 4F02B6F02E40CFC6008C953B;
			minimizedProjectReferenceProxies = 1;
			packageReferences = (
				4F3365042E4DEFD7000430B0 /* XCRemoteSwiftPackageReference "AppsFlyerFramework-Static" */,
				4FDB89952E4E4153007BD530 /* XCRemoteSwiftPackageReference "firebase-ios-sdk" */,
				4FDB89A22E4E416A007BD530 /* XCRemoteSwiftPackageReference "SVGKit" */,
				4FDB89A72E4E4189007BD530 /* XCRemoteSwiftPackageReference "swift-package-manager-google-mobile-ads" */,
			);
			preferredProjectObjectVersion = 77;
			productRefGroup = 4F02B6FA2E40CFC6008C953B /* Products */;
			projectDirPath = "";
			projectRoot = "";
			targets = (
				4F02B6F82E40CFC6008C953B /* PlayXFlash */,
			);
		};
/* End PBXProject section */

/* Begin PBXResourcesBuildPhase section */
		4F02B6F72E40CFC6008C953B /* Resources */ = {
			isa = PBXResourcesBuildPhase;
			buildActionMask = 2147483647;
			files = (
				4F02B9062E44CF0A008C953B /* Media.xcassets in Resources */,
				4FAA8F5B2E548E1500837A3C /* icon.svg in Resources */,
				4FDB89E12E4E485B007BD530 /* GoogleService-Info.plist in Resources */,
			);
			runOnlyForDeploymentPostprocessing = 0;
		};
/* End PBXResourcesBuildPhase section */

/* Begin PBXSourcesBuildPhase section */
		4F02B6F52E40CFC6008C953B /* Sources */ = {
			isa = PBXSourcesBuildPhase;
			buildActionMask = 2147483647;
			files = (
				4F4D4DF02E5330EB0064CF07 /* GamingStatCard.swift in Sources */,
				4F4D4DEE2E5330E40064CF07 /* PreviewSlot.swift in Sources */,
				4F4D4DF82E5332F80064CF07 /* GamingNoteButton.swift in Sources */,
				4F02B8872E4388CB008C953B /* MenuView.swift in Sources */,
				4F4D4DE92E5330AD0064CF07 /* MelodySlot.swift in Sources */,
				4F4D4DF42E5330FB0064CF07 /* GamingActionButton.swift in Sources */,
				4F4D4DDA2E532F6F0064CF07 /* Helpers.swift in Sources */,
				4F02B88A2E4388F0008C953B /* LevelsView.swift in Sources */,
				4F4D4DDC2E5330410064CF07 /* GameViewModel.swift in Sources */,
				4F02B8852E437FC9008C953B /* GameView.swift in Sources */,
				4F4D4DEC2E5330CE0064CF07 /* LevelCard.swift in Sources */,
				4F02B87B2E425F9C008C953B /* app.swift in Sources */,
				4F4D4DDF2E53307E0064CF07 /* ListeningView.swift in Sources */,
				4F4D4DE52E5330950064CF07 /* LevelCompleteView.swift in Sources */,
				4F02B8E22E44CB41008C953B /* LevelsHelpView.swift in Sources */,
				4F4D4DE72E5330A60064CF07 /* NoteButton.swift in Sources */,
				4F02B8E32E44CB41008C953B /* ChallengeHelpView.swift in Sources */,
				4F02B87F2E437E21008C953B /* ChordMatchGame.swift in Sources */,
				4F4D4CE82E532E100064CF07 /* IDFAPermissionView.swift in Sources */,
				4F4D4DE32E53308F0064CF07 /* ResultView.swift in Sources */,
				4F3365032E4DEF72000430B0 /* vv.swift in Sources */,
				4F4D4DF22E5330F20064CF07 /* GamingProgressBar.swift in Sources */,
				4F02B9082E44D1EE008C953B /* LevelConfiguration.swift in Sources */,
				4F4D4DF62E5331010064CF07 /* GamingControlButton.swift in Sources */,
				4F4D4DE12E5330840064CF07 /* PlayingView.swift in Sources */,
				4F02B8DF2E44B326008C953B /* OnboardingView.swift in Sources */,
				4F02B8832E437E33008C953B /* AudioEngine.swift in Sources */,
				4F02B87D2E437E14008C953B /* SoundService.swift in Sources */,
			);
			runOnlyForDeploymentPostprocessing = 0;
		};
/* End PBXSourcesBuildPhase section */

/* Begin XCBuildConfiguration section */
		4F02B7022E40CFC8008C953B /* Debug */ = {
			isa = XCBuildConfiguration;
			buildSettings = {
				ALWAYS_SEARCH_USER_PATHS = NO;
				ASSETCATALOG_COMPILER_GENERATE_SWIFT_ASSET_SYMBOL_EXTENSIONS = YES;
				CLANG_ANALYZER_NONNULL = YES;
				CLANG_ANALYZER_NUMBER_OBJECT_CONVERSION = YES_AGGRESSIVE;
				CLANG_CXX_LANGUAGE_STANDARD = "gnu++20";
				CLANG_ENABLE_MODULES = YES;
				CLANG_ENABLE_OBJC_ARC = YES;
				CLANG_ENABLE_OBJC_WEAK = YES;
				CLANG_WARN_BLOCK_CAPTURE_AUTORELEASING = YES;
				CLANG_WARN_BOOL_CONVERSION = YES;
				CLANG_WARN_COMMA = YES;
				CLANG_WARN_CONSTANT_CONVERSION = YES;
				CLANG_WARN_DEPRECATED_OBJC_IMPLEMENTATIONS = YES;
				CLANG_WARN_DIRECT_OBJC_ISA_USAGE = YES_ERROR;
				CLANG_WARN_DOCUMENTATION_COMMENTS = YES;
				CLANG_WARN_EMPTY_BODY = YES;
				CLANG_WARN_ENUM_CONVERSION = YES;
				CLANG_WARN_INFINITE_RECURSION = YES;
				CLANG_WARN_INT_CONVERSION = YES;
				CLANG_WARN_NON_LITERAL_NULL_CONVERSION = YES;
				CLANG_WARN_OBJC_IMPLICIT_RETAIN_SELF = YES;
				CLANG_WARN_OBJC_LITERAL_CONVERSION = YES;
				CLANG_WARN_OBJC_ROOT_CLASS = YES_ERROR;
				CLANG_WARN_QUOTED_INCLUDE_IN_FRAMEWORK_HEADER = YES;
				CLANG_WARN_RANGE_LOOP_ANALYSIS = YES;
				CLANG_WARN_STRICT_PROTOTYPES = YES;
				CLANG_WARN_SUSPICIOUS_MOVE = YES;
				CLANG_WARN_UNGUARDED_AVAILABILITY = YES_AGGRESSIVE;
				CLANG_WARN_UNREACHABLE_CODE = YES;
				CLANG_WARN__DUPLICATE_METHOD_MATCH = YES;
				COPY_PHASE_STRIP = NO;
				DEBUG_INFORMATION_FORMAT = dwarf;
				DEVELOPMENT_TEAM = Z5GK9C4MBD;
				ENABLE_STRICT_OBJC_MSGSEND = YES;
				ENABLE_TESTABILITY = YES;
				ENABLE_USER_SCRIPT_SANDBOXING = YES;
				GCC_C_LANGUAGE_STANDARD = gnu17;
				GCC_DYNAMIC_NO_PIC = NO;
				GCC_NO_COMMON_BLOCKS = YES;
				GCC_OPTIMIZATION_LEVEL = 0;
				GCC_PREPROCESSOR_DEFINITIONS = (
					"DEBUG=1",
					"$(inherited)",
				);
				GCC_WARN_64_TO_32_BIT_CONVERSION = YES;
				GCC_WARN_ABOUT_RETURN_TYPE = YES_ERROR;
				GCC_WARN_UNDECLARED_SELECTOR = YES;
				GCC_WARN_UNINITIALIZED_AUTOS = YES_AGGRESSIVE;
				GCC_WARN_UNUSED_FUNCTION = YES;
				GCC_WARN_UNUSED_VARIABLE = YES;
				IPHONEOS_DEPLOYMENT_TARGET = 18.4;
				LOCALIZATION_PREFERS_STRING_CATALOGS = YES;
				MTL_ENABLE_DEBUG_INFO = INCLUDE_SOURCE;
				MTL_FAST_MATH = YES;
				ONLY_ACTIVE_ARCH = YES;
				SDKROOT = iphoneos;
				SWIFT_ACTIVE_COMPILATION_CONDITIONS = "DEBUG $(inherited)";
				SWIFT_OPTIMIZATION_LEVEL = "-Onone";
			};
			name = Debug;
		};
		4F02B7032E40CFC8008C953B /* Release */ = {
			isa = XCBuildConfiguration;
			buildSettings = {
				ALWAYS_SEARCH_USER_PATHS = NO;
				ASSETCATALOG_COMPILER_GENERATE_SWIFT_ASSET_SYMBOL_EXTENSIONS = YES;
				CLANG_ANALYZER_NONNULL = YES;
				CLANG_ANALYZER_NUMBER_OBJECT_CONVERSION = YES_AGGRESSIVE;
				CLANG_CXX_LANGUAGE_STANDARD = "gnu++20";
				CLANG_ENABLE_MODULES = YES;
				CLANG_ENABLE_OBJC_ARC = YES;
				CLANG_ENABLE_OBJC_WEAK = YES;
				CLANG_WARN_BLOCK_CAPTURE_AUTORELEASING = YES;
				CLANG_WARN_BOOL_CONVERSION = YES;
				CLANG_WARN_COMMA = YES;
				CLANG_WARN_CONSTANT_CONVERSION = YES;
				CLANG_WARN_DEPRECATED_OBJC_IMPLEMENTATIONS = YES;
				CLANG_WARN_DIRECT_OBJC_ISA_USAGE = YES_ERROR;
				CLANG_WARN_DOCUMENTATION_COMMENTS = YES;
				CLANG_WARN_EMPTY_BODY = YES;
				CLANG_WARN_ENUM_CONVERSION = YES;
				CLANG_WARN_INFINITE_RECURSION = YES;
				CLANG_WARN_INT_CONVERSION = YES;
				CLANG_WARN_NON_LITERAL_NULL_CONVERSION = YES;
				CLANG_WARN_OBJC_IMPLICIT_RETAIN_SELF = YES;
				CLANG_WARN_OBJC_LITERAL_CONVERSION = YES;
				CLANG_WARN_OBJC_ROOT_CLASS = YES_ERROR;
				CLANG_WARN_QUOTED_INCLUDE_IN_FRAMEWORK_HEADER = YES;
				CLANG_WARN_RANGE_LOOP_ANALYSIS = YES;
				CLANG_WARN_STRICT_PROTOTYPES = YES;
				CLANG_WARN_SUSPICIOUS_MOVE = YES;
				CLANG_WARN_UNGUARDED_AVAILABILITY = YES_AGGRESSIVE;
				CLANG_WARN_UNREACHABLE_CODE = YES;
				CLANG_WARN__DUPLICATE_METHOD_MATCH = YES;
				COPY_PHASE_STRIP = NO;
				DEBUG_INFORMATION_FORMAT = "dwarf-with-dsym";
				DEVELOPMENT_TEAM = Z5GK9C4MBD;
				ENABLE_NS_ASSERTIONS = NO;
				ENABLE_STRICT_OBJC_MSGSEND = YES;
				ENABLE_USER_SCRIPT_SANDBOXING = YES;
				GCC_C_LANGUAGE_STANDARD = gnu17;
				GCC_NO_COMMON_BLOCKS = YES;
				GCC_WARN_64_TO_32_BIT_CONVERSION = YES;
				GCC_WARN_ABOUT_RETURN_TYPE = YES_ERROR;
				GCC_WARN_UNDECLARED_SELECTOR = YES;
				GCC_WARN_UNINITIALIZED_AUTOS = YES_AGGRESSIVE;
				GCC_WARN_UNUSED_FUNCTION = YES;
				GCC_WARN_UNUSED_VARIABLE = YES;
				IPHONEOS_DEPLOYMENT_TARGET = 18.4;
				LOCALIZATION_PREFERS_STRING_CATALOGS = YES;
				MTL_ENABLE_DEBUG_INFO = NO;
				MTL_FAST_MATH = YES;
				SDKROOT = iphoneos;
				SWIFT_COMPILATION_MODE = wholemodule;
				VALIDATE_PRODUCT = YES;
			};
			name = Release;
		};
		4F02B7052E40CFC8008C953B /* Debug */ = {
			isa = XCBuildConfiguration;
			buildSettings = {
				ASSETCATALOG_COMPILER_APPICON_NAME = AppIcon;
				ASSETCATALOG_COMPILER_GLOBAL_ACCENT_COLOR_NAME = AccentColor;
				CLANG_ENABLE_MODULES = YES;
				CODE_SIGN_ENTITLEMENTS = music/PlayNotePlay.entitlements;
				CODE_SIGN_STYLE = Manual;
				CURRENT_PROJECT_VERSION = 1;
				DEVELOPMENT_TEAM = "";
				ENABLE_PREVIEWS = YES;
				GENERATE_INFOPLIST_FILE = YES;
				INFOPLIST_FILE = "music/PlayXFlash-Info.plist";
				INFOPLIST_KEY_UIApplicationSceneManifest_Generation = YES;
				INFOPLIST_KEY_UIApplicationSupportsIndirectInputEvents = YES;
				INFOPLIST_KEY_UILaunchScreen_Generation = YES;
				INFOPLIST_KEY_UISupportedInterfaceOrientations = UIInterfaceOrientationPortrait;
				INFOPLIST_KEY_UISupportedInterfaceOrientations_iPad = "UIInterfaceOrientationLandscapeLeft UIInterfaceOrientationLandscapeRight UIInterfaceOrientationPortrait UIInterfaceOrientationPortraitUpsideDown";
				IPHONEOS_DEPLOYMENT_TARGET = 17.0;
				LD_RUNPATH_SEARCH_PATHS = (
					"$(inherited)",
					"@executable_path/Frameworks",
				);
				MARKETING_VERSION = 1.02;
				PRODUCT_BUNDLE_IDENTIFIER = com.richarddumontpierre.play;
				PRODUCT_NAME = "$(TARGET_NAME)";
				PROVISIONING_PROFILE_SPECIFIER = "";
				SUPPORTED_PLATFORMS = "iphoneos iphonesimulator";
				SUPPORTS_MACCATALYST = NO;
				SUPPORTS_MAC_DESIGNED_FOR_IPHONE_IPAD = NO;
				SUPPORTS_XR_DESIGNED_FOR_IPHONE_IPAD = NO;
				SWIFT_EMIT_LOC_STRINGS = YES;
				SWIFT_OPTIMIZATION_LEVEL = "-Onone";
				SWIFT_VERSION = 5.0;
				TARGETED_DEVICE_FAMILY = 1;
			};
			name = Debug;
		};
		4F02B7062E40CFC8008C953B /* Release */ = {
			isa = XCBuildConfiguration;
			buildSettings = {
				ASSETCATALOG_COMPILER_APPICON_NAME = AppIcon;
				ASSETCATALOG_COMPILER_GLOBAL_ACCENT_COLOR_NAME = AccentColor;
				CLANG_ENABLE_MODULES = YES;
				CODE_SIGN_ENTITLEMENTS = music/PlayNotePlay.entitlements;
				CODE_SIGN_STYLE = Manual;
				CURRENT_PROJECT_VERSION = 1;
				DEVELOPMENT_TEAM = "";
				ENABLE_PREVIEWS = YES;
				GENERATE_INFOPLIST_FILE = YES;
				INFOPLIST_FILE = "music/PlayXFlash-Info.plist";
				INFOPLIST_KEY_UIApplicationSceneManifest_Generation = YES;
				INFOPLIST_KEY_UIApplicationSupportsIndirectInputEvents = YES;
				INFOPLIST_KEY_UILaunchScreen_Generation = YES;
				INFOPLIST_KEY_UISupportedInterfaceOrientations = UIInterfaceOrientationPortrait;
				INFOPLIST_KEY_UISupportedInterfaceOrientations_iPad = "UIInterfaceOrientationLandscapeLeft UIInterfaceOrientationLandscapeRight UIInterfaceOrientationPortrait UIInterfaceOrientationPortraitUpsideDown";
				IPHONEOS_DEPLOYMENT_TARGET = 17.0;
				LD_RUNPATH_SEARCH_PATHS = (
					"$(inherited)",
					"@executable_path/Frameworks",
				);
				MARKETING_VERSION = 1.02;
				PRODUCT_BUNDLE_IDENTIFIER = com.richarddumontpierre.play;
				PRODUCT_NAME = "$(TARGET_NAME)";
				PROVISIONING_PROFILE_SPECIFIER = "";
				SUPPORTED_PLATFORMS = "iphoneos iphonesimulator";
				SUPPORTS_MACCATALYST = NO;
				SUPPORTS_MAC_DESIGNED_FOR_IPHONE_IPAD = NO;
				SUPPORTS_XR_DESIGNED_FOR_IPHONE_IPAD = NO;
				SWIFT_EMIT_LOC_STRINGS = YES;
				SWIFT_VERSION = 5.0;
				TARGETED_DEVICE_FAMILY = 1;
			};
			name = Release;
		};
/* End XCBuildConfiguration section */

/* Begin XCConfigurationList section */
		4F02B6F42E40CFC6008C953B /* Build configuration list for PBXProject "PlayXFlash" */ = {
			isa = XCConfigurationList;
			buildConfigurations = (
				4F02B7022E40CFC8008C953B /* Debug */,
				4F02B7032E40CFC8008C953B /* Release */,
			);
			defaultConfigurationIsVisible = 0;
			defaultConfigurationName = Release;
		};
		4F02B7042E40CFC8008C953B /* Build configuration list for PBXNativeTarget "PlayXFlash" */ = {
			isa = XCConfigurationList;
			buildConfigurations = (
				4F02B7052E40CFC8008C953B /* Debug */,
				4F02B7062E40CFC8008C953B /* Release */,
			);
			defaultConfigurationIsVisible = 0;
			defaultConfigurationName = Release;
		};
/* End XCConfigurationList section */

/* Begin XCRemoteSwiftPackageReference section */
		4F3365042E4DEFD7000430B0 /* XCRemoteSwiftPackageReference "AppsFlyerFramework-Static" */ = {
			isa = XCRemoteSwiftPackageReference;
			repositoryURL = "https://github.com/AppsFlyerSDK/AppsFlyerFramework-Static";
			requirement = {
				kind = upToNextMajorVersion;
				minimumVersion = 6.17.2;
			};
		};
		4FDB89952E4E4153007BD530 /* XCRemoteSwiftPackageReference "firebase-ios-sdk" */ = {
			isa = XCRemoteSwiftPackageReference;
			repositoryURL = "https://github.com/firebase/firebase-ios-sdk.git";
			requirement = {
				kind = upToNextMajorVersion;
				minimumVersion = 12.1.0;
			};
		};
		4FDB89A22E4E416A007BD530 /* XCRemoteSwiftPackageReference "SVGKit" */ = {
			isa = XCRemoteSwiftPackageReference;
			repositoryURL = "https://github.com/SVGKit/SVGKit.git";
			requirement = {
				kind = upToNextMajorVersion;
				minimumVersion = 3.0.0;
			};
		};
		4FDB89A72E4E4189007BD530 /* XCRemoteSwiftPackageReference "swift-package-manager-google-mobile-ads" */ = {
			isa = XCRemoteSwiftPackageReference;
			repositoryURL = "https://github.com/googleads/swift-package-manager-google-mobile-ads.git";
			requirement = {
				kind = upToNextMajorVersion;
				minimumVersion = 12.9.0;
			};
		};
/* End XCRemoteSwiftPackageReference section */

/* Begin XCSwiftPackageProductDependency section */
		4F3365052E4DEFD7000430B0 /* AppsFlyerLib-Static */ = {
			isa = XCSwiftPackageProductDependency;
			package = 4F3365042E4DEFD7000430B0 /* XCRemoteSwiftPackageReference "AppsFlyerFramework-Static" */;
			productName = "AppsFlyerLib-Static";
		};
		4FDB89962E4E4153007BD530 /* FirebaseAnalytics */ = {
			isa = XCSwiftPackageProductDependency;
			package = 4FDB89952E4E4153007BD530 /* XCRemoteSwiftPackageReference "firebase-ios-sdk" */;
			productName = FirebaseAnalytics;
		};
		4FDB89982E4E4153007BD530 /* FirebaseAnalyticsCore */ = {
			isa = XCSwiftPackageProductDependency;
			package = 4FDB89952E4E4153007BD530 /* XCRemoteSwiftPackageReference "firebase-ios-sdk" */;
			productName = FirebaseAnalyticsCore;
		};
		4FDB899A2E4E4153007BD530 /* FirebaseCore */ = {
			isa = XCSwiftPackageProductDependency;
			package = 4FDB89952E4E4153007BD530 /* XCRemoteSwiftPackageReference "firebase-ios-sdk" */;
			productName = FirebaseCore;
		};
		4FDB899C2E4E4153007BD530 /* FirebaseCrashlytics */ = {
			isa = XCSwiftPackageProductDependency;
			package = 4FDB89952E4E4153007BD530 /* XCRemoteSwiftPackageReference "firebase-ios-sdk" */;
			productName = FirebaseCrashlytics;
		};
		4FDB899E2E4E4153007BD530 /* FirebaseInAppMessaging-Beta */ = {
			isa = XCSwiftPackageProductDependency;
			package = 4FDB89952E4E4153007BD530 /* XCRemoteSwiftPackageReference "firebase-ios-sdk" */;
			productName = "FirebaseInAppMessaging-Beta";
		};
		4FDB89A02E4E4153007BD530 /* FirebaseMessaging */ = {
			isa = XCSwiftPackageProductDependency;
			package = 4FDB89952E4E4153007BD530 /* XCRemoteSwiftPackageReference "firebase-ios-sdk" */;
			productName = FirebaseMessaging;
		};
		4FDB89A32E4E416A007BD530 /* SVGKit */ = {
			isa = XCSwiftPackageProductDependency;
			package = 4FDB89A22E4E416A007BD530 /* XCRemoteSwiftPackageReference "SVGKit" */;
			productName = SVGKit;
		};
		4FDB89A52E4E416A007BD530 /* SVGKitSwift */ = {
			isa = XCSwiftPackageProductDependency;
			package = 4FDB89A22E4E416A007BD530 /* XCRemoteSwiftPackageReference "SVGKit" */;
			productName = SVGKitSwift;
		};
		4FDB89A82E4E4189007BD530 /* GoogleMobileAds */ = {
			isa = XCSwiftPackageProductDependency;
			package = 4FDB89A72E4E4189007BD530 /* XCRemoteSwiftPackageReference "swift-package-manager-google-mobile-ads" */;
			productName = GoogleMobileAds;
		};
/* End XCSwiftPackageProductDependency section */
	};
	rootObject = 4F02B6F12E40CFC6008C953B /* Project object */;
}
